Microsoft Visual Studio Solution File, Format Version 12.00
# Visual Studio Version 17
VisualStudioVersion = 17.5.2.0
MinimumVisualStudioVersion = 10.0.40219.1
Project("{FAE04EC0-301F-11D3-BF4B-00C04F79EFBC}") = "LeadsApi", "backend\LeadsApi.csproj", "{12D1E3B3-6863-C5C8-FE2D-218B5A8EDD77}"
EndProject
Global
	GlobalSection(SolutionConfigurationPlatforms) = preSolution
		Debug|Any CPU = Debug|Any CPU
		Release|Any CPU = Release|Any CPU
	EndGlobalSection
	GlobalSection(ProjectConfigurationPlatforms) = postSolution
		{12D1E3B3-6863-C5C8-FE2D-218B5A8EDD77}.Debug|Any CPU.ActiveCfg = Debug|Any CPU
		{12D1E3B3-6863-C5C8-FE2D-218B5A8EDD77}.Debug|Any CPU.Build.0 = Debug|Any CPU
		{12D1E3B3-6863-C5C8-FE2D-218B5A8EDD77}.Release|Any CPU.ActiveCfg = Release|Any CPU
		{12D1E3B3-6863-C5C8-FE2D-218B5A8EDD77}.Release|Any CPU.Build.0 = Release|Any CPU
	EndGlobalSection
	GlobalSection(SolutionProperties) = preSolution
		HideSolutionNode = FALSE
	EndGlobalSection
	GlobalSection(ExtensibilityGlobals) = postSolution
		SolutionGuid = {863D5BDD-9F0B-48AD-91C9-A10049DF7134}
	EndGlobalSection
EndGlobal
